
Microsoft Visual Studio Solution File, Format Version 12.00
# Visual Studio Version 16
VisualStudioVersion = 16.0.30907.101
MinimumVisualStudioVersion = 10.0.40219.1
Project("{FAE04EC0-301F-11D3-BF4B-00C04F79EFBC}") = "GenerateArbitaryConvexPolygon", "GenerateArbitaryConvexPolygon.csproj", "{4E79DA0B-E135-4D74-B69C-279F9970DF50}"
EndProject
Global
	GlobalSection(SolutionConfigurationPlatforms) = preSolution
		Debug|Any CPU = Debug|Any CPU
		Release|Any CPU = Release|Any CPU
	EndGlobalSection
	GlobalSection(ProjectConfigurationPlatforms) = postSolution
		{4E79DA0B-E135-4D74-B69C-279F9970DF50}.Debug|Any CPU.ActiveCfg = Debug|Any CPU
		{4E79DA0B-E135-4D74-B69C-279F9970DF50}.Debug|Any CPU.Build.0 = Debug|Any CPU
		{4E79DA0B-E135-4D74-B69C-279F9970DF50}.Release|Any CPU.ActiveCfg = Release|Any CPU
		{4E79DA0B-E135-4D74-B69C-279F9970DF50}.Release|Any CPU.Build.0 = Release|Any CPU
	EndGlobalSection
	GlobalSection(SolutionProperties) = preSolution
		HideSolutionNode = FALSE
	EndGlobalSection
	GlobalSection(ExtensibilityGlobals) = postSolution
		SolutionGuid = {E8648217-1EBD-4E55-A306-6EB308918775}
	EndGlobalSection
EndGlobal
