
Microsoft Visual Studio Solution File, Format Version 12.00
# Visual Studio Version 16
VisualStudioVersion = 16.0.30907.101
MinimumVisualStudioVersion = 10.0.40219.1
Project("{FAE04EC0-301F-11D3-BF4B-00C04F79EFBC}") = "Task8 - Intersection of segments", "Task8 - Intersection of segments.csproj", "{B4E87C1D-FF16-47C5-8865-9366E328E54D}"
EndProject
Global
	GlobalSection(SolutionConfigurationPlatforms) = preSolution
		Debug|Any CPU = Debug|Any CPU
		Release|Any CPU = Release|Any CPU
	EndGlobalSection
	GlobalSection(ProjectConfigurationPlatforms) = postSolution
		{B4E87C1D-FF16-47C5-8865-9366E328E54D}.Debug|Any CPU.ActiveCfg = Debug|Any CPU
		{B4E87C1D-FF16-47C5-8865-9366E328E54D}.Debug|Any CPU.Build.0 = Debug|Any CPU
		{B4E87C1D-FF16-47C5-8865-9366E328E54D}.Release|Any CPU.ActiveCfg = Release|Any CPU
		{B4E87C1D-FF16-47C5-8865-9366E328E54D}.Release|Any CPU.Build.0 = Release|Any CPU
	EndGlobalSection
	GlobalSection(SolutionProperties) = preSolution
		HideSolutionNode = FALSE
	EndGlobalSection
	GlobalSection(ExtensibilityGlobals) = postSolution
		SolutionGuid = {B57EA130-60F3-41C8-9E66-7C80A0F4F776}
	EndGlobalSection
EndGlobal
